Microsoft Visual Studio Solution File, Format Version 12.00
# Visual Studio Version 16
VisualStudioVersion = 16.0.30128.74
MinimumVisualStudioVersion = 10.0.40219.1
Project("{9A19103F-16F7-4668-BE54-9A1E7A4F7556}") = "QSharp", "QSharp\QSharp.csproj", "{51CD2579-79C9-49A9-B68D-93CBE878BAA1}"
EndProject
Project("{FAE04EC0-301F-11D3-BF4B-00C04F79EFBC}") = "QSharpXamDemo.Android", "QSharpXamDemo\QSharpXamDemo.Android\QSharpXamDemo.Android.csproj", "{4F7F13C7-85EF-431F-AB03-B2494F0F4C7F}"
EndProject
Project("{FAE04EC0-301F-11D3-BF4B-00C04F79EFBC}") = "QSharpXamDemo.iOS", "QSharpXamDemo\QSharpXamDemo.iOS\QSharpXamDemo.iOS.csproj", "{9A10344E-F9FB-4319-9665-CB7E78FCF4F4}"
EndProject
Project("{FAE04EC0-301F-11D3-BF4B-00C04F79EFBC}") = "QSharpXamDemo", "QSharpXamDemo\QSharpXamDemo\QSharpXamDemo.csproj", "{20D2D0D8-A518-42DC-BAB8-CF098CDF03C4}"
	ProjectSection(ProjectDependencies) = postProject
		{51CD2579-79C9-49A9-B68D-93CBE878BAA1} = {51CD2579-79C9-49A9-B68D-93CBE878BAA1}
	EndProjectSection
EndProject
Global
	GlobalSection(SolutionConfigurationPlatforms) = preSolution
		Debug|Any CPU = Debug|Any CPU
		Debug|ARM = Debug|ARM
		Debug|ARM64 = Debug|ARM64
		Debug|iPhone = Debug|iPhone
		Debug|iPhoneSimulator = Debug|iPhoneSimulator
		Debug|x64 = Debug|x64
		Debug|x86 = Debug|x86
		Release|Any CPU = Release|Any CPU
		Release|ARM = Release|ARM
		Release|ARM64 = Release|ARM64
		Release|iPhone = Release|iPhone
		Release|iPhoneSimulator = Release|iPhoneSimulator
		Release|x64 = Release|x64
		Release|x86 = Release|x86
	EndGlobalSection
	GlobalSection(ProjectConfigurationPlatforms) = postSolution
		{51CD2579-79C9-49A9-B68D-93CBE878BAA1}.Debug|Any CPU.ActiveCfg = Debug|Any CPU
		{51CD2579-79C9-49A9-B68D-93CBE878BAA1}.Debug|Any CPU.Build.0 = Debug|Any CPU
		{51CD2579-79C9-49A9-B68D-93CBE878BAA1}.Debug|ARM.ActiveCfg = Debug|Any CPU
		{51CD2579-79C9-49A9-B68D-93CBE878BAA1}.Debug|ARM.Build.0 = Debug|Any CPU
		{51CD2579-79C9-49A9-B68D-93CBE878BAA1}.Debug|ARM64.ActiveCfg = Debug|Any CPU
		{51CD2579-79C9-49A9-B68D-93CBE878BAA1}.Debug|ARM64.Build.0 = Debug|Any CPU
		{51CD2579-79C9-49A9-B68D-93CBE878BAA1}.Debug|iPhone.ActiveCfg = Debug|Any CPU
		{51CD2579-79C9-49A9-B68D-93CBE878BAA1}.Debug|iPhone.Build.0 = Debug|Any CPU
		{51CD2579-79C9-49A9-B68D-93CBE878BAA1}.Debug|iPhoneSimulator.ActiveCfg = Debug|Any CPU
		{51CD2579-79C9-49A9-B68D-93CBE878BAA1}.Debug|iPhoneSimulator.Build.0 = Debug|Any CPU
		{51CD2579-79C9-49A9-B68D-93CBE878BAA1}.Debug|x64.ActiveCfg = Debug|Any CPU
		{51CD2579-79C9-49A9-B68D-93CBE878BAA1}.Debug|x64.Build.0 = Debug|Any CPU
		{51CD2579-79C9-49A9-B68D-93CBE878BAA1}.Debug|x86.ActiveCfg = Debug|Any CPU
		{51CD2579-79C9-49A9-B68D-93CBE878BAA1}.Debug|x86.Build.0 = Debug|Any CPU
		{51CD2579-79C9-49A9-B68D-93CBE878BAA1}.Release|Any CPU.ActiveCfg = Release|Any CPU
		{51CD2579-79C9-49A9-B68D-93CBE878BAA1}.Release|Any CPU.Build.0 = Release|Any CPU
		{51CD2579-79C9-49A9-B68D-93CBE878BAA1}.Release|ARM.ActiveCfg = Release|Any CPU
		{51CD2579-79C9-49A9-B68D-93CBE878BAA1}.Release|ARM.Build.0 = Release|Any CPU
		{51CD2579-79C9-49A9-B68D-93CBE878BAA1}.Release|ARM64.ActiveCfg = Release|Any CPU
		{51CD2579-79C9-49A9-B68D-93CBE878BAA1}.Release|ARM64.Build.0 = Release|Any CPU
		{51CD2579-79C9-49A9-B68D-93CBE878BAA1}.Release|iPhone.ActiveCfg = Release|Any CPU
		{51CD2579-79C9-49A9-B68D-93CBE878BAA1}.Release|iPhone.Build.0 = Release|Any CPU
		{51CD2579-79C9-49A9-B68D-93CBE878BAA1}.Release|iPhoneSimulator.ActiveCfg = Release|Any CPU
		{51CD2579-79C9-49A9-B68D-93CBE878BAA1}.Release|iPhoneSimulator.Build.0 = Release|Any CPU
		{51CD2579-79C9-49A9-B68D-93CBE878BAA1}.Release|x64.ActiveCfg = Release|Any CPU
		{51CD2579-79C9-49A9-B68D-93CBE878BAA1}.Release|x64.Build.0 = Release|Any CPU
		{51CD2579-79C9-49A9-B68D-93CBE878BAA1}.Release|x86.ActiveCfg = Release|Any CPU
		{51CD2579-79C9-49A9-B68D-93CBE878BAA1}.Release|x86.Build.0 = Release|Any CPU
		{4F7F13C7-85EF-431F-AB03-B2494F0F4C7F}.Debug|Any CPU.ActiveCfg = Debug|Any CPU
		{4F7F13C7-85EF-431F-AB03-B2494F0F4C7F}.Debug|Any CPU.Build.0 = Debug|Any CPU
		{4F7F13C7-85EF-431F-AB03-B2494F0F4C7F}.Debug|Any CPU.Deploy.0 = Debug|Any CPU
		{4F7F13C7-85EF-431F-AB03-B2494F0F4C7F}.Debug|ARM.ActiveCfg = Debug|Any CPU
		{4F7F13C7-85EF-431F-AB03-B2494F0F4C7F}.Debug|ARM.Build.0 = Debug|Any CPU
		{4F7F13C7-85EF-431F-AB03-B2494F0F4C7F}.Debug|ARM.Deploy.0 = Debug|Any CPU
		{4F7F13C7-85EF-431F-AB03-B2494F0F4C7F}.Debug|ARM64.ActiveCfg = Debug|Any CPU
		{4F7F13C7-85EF-431F-AB03-B2494F0F4C7F}.Debug|ARM64.Build.0 = Debug|Any CPU
		{4F7F13C7-85EF-431F-AB03-B2494F0F4C7F}.Debug|ARM64.Deploy.0 = Debug|Any CPU
		{4F7F13C7-85EF-431F-AB03-B2494F0F4C7F}.Debug|iPhone.ActiveCfg = Debug|Any CPU
		{4F7F13C7-85EF-431F-AB03-B2494F0F4C7F}.Debug|iPhone.Build.0 = Debug|Any CPU
		{4F7F13C7-85EF-431F-AB03-B2494F0F4C7F}.Debug|iPhone.Deploy.0 = Debug|Any CPU
		{4F7F13C7-85EF-431F-AB03-B2494F0F4C7F}.Debug|iPhoneSimulator.ActiveCfg = Debug|Any CPU
		{4F7F13C7-85EF-431F-AB03-B2494F0F4C7F}.Debug|iPhoneSimulator.Build.0 = Debug|Any CPU
		{4F7F13C7-85EF-431F-AB03-B2494F0F4C7F}.Debug|iPhoneSimulator.Deploy.0 = Debug|Any CPU
		{4F7F13C7-85EF-431F-AB03-B2494F0F4C7F}.Debug|x64.ActiveCfg = Debug|Any CPU
		{4F7F13C7-85EF-431F-AB03-B2494F0F4C7F}.Debug|x64.Build.0 = Debug|Any CPU
		{4F7F13C7-85EF-431F-AB03-B2494F0F4C7F}.Debug|x64.Deploy.0 = Debug|Any CPU
		{4F7F13C7-85EF-431F-AB03-B2494F0F4C7F}.Debug|x86.ActiveCfg = Debug|Any CPU
		{4F7F13C7-85EF-431F-AB03-B2494F0F4C7F}.Debug|x86.Build.0 = Debug|Any CPU
		{4F7F13C7-85EF-431F-AB03-B2494F0F4C7F}.Debug|x86.Deploy.0 = Debug|Any CPU
		{4F7F13C7-85EF-431F-AB03-B2494F0F4C7F}.Release|Any CPU.ActiveCfg = Release|Any CPU
		{4F7F13C7-85EF-431F-AB03-B2494F0F4C7F}.Release|Any CPU.Build.0 = Release|Any CPU
		{4F7F13C7-85EF-431F-AB03-B2494F0F4C7F}.Release|Any CPU.Deploy.0 = Release|Any CPU
		{4F7F13C7-85EF-431F-AB03-B2494F0F4C7F}.Release|ARM.ActiveCfg = Release|Any CPU
		{4F7F13C7-85EF-431F-AB03-B2494F0F4C7F}.Release|ARM.Build.0 = Release|Any CPU
		{4F7F13C7-85EF-431F-AB03-B2494F0F4C7F}.Release|ARM.Deploy.0 = Release|Any CPU
		{4F7F13C7-85EF-431F-AB03-B2494F0F4C7F}.Release|ARM64.ActiveCfg = Release|Any CPU
		{4F7F13C7-85EF-431F-AB03-B2494F0F4C7F}.Release|ARM64.Build.0 = Release|Any CPU
		{4F7F13C7-85EF-431F-AB03-B2494F0F4C7F}.Release|ARM64.Deploy.0 = Release|Any CPU
		{4F7F13C7-85EF-431F-AB03-B2494F0F4C7F}.Release|iPhone.ActiveCfg = Release|Any CPU
		{4F7F13C7-85EF-431F-AB03-B2494F0F4C7F}.Release|iPhone.Build.0 = Release|Any CPU
		{4F7F13C7-85EF-431F-AB03-B2494F0F4C7F}.Release|iPhone.Deploy.0 = Release|Any CPU
		{4F7F13C7-85EF-431F-AB03-B2494F0F4C7F}.Release|iPhoneSimulator.ActiveCfg = Release|Any CPU
		{4F7F13C7-85EF-431F-AB03-B2494F0F4C7F}.Release|iPhoneSimulator.Build.0 = Release|Any CPU
		{4F7F13C7-85EF-431F-AB03-B2494F0F4C7F}.Release|iPhoneSimulator.Deploy.0 = Release|Any CPU
		{4F7F13C7-85EF-431F-AB03-B2494F0F4C7F}.Release|x64.ActiveCfg = Release|Any CPU
		{4F7F13C7-85EF-431F-AB03-B2494F0F4C7F}.Release|x64.Build.0 = Release|Any CPU
		{4F7F13C7-85EF-431F-AB03-B2494F0F4C7F}.Release|x64.Deploy.0 = Release|Any CPU
		{4F7F13C7-85EF-431F-AB03-B2494F0F4C7F}.Release|x86.ActiveCfg = Release|Any CPU
		{4F7F13C7-85EF-431F-AB03-B2494F0F4C7F}.Release|x86.Build.0 = Release|Any CPU
		{4F7F13C7-85EF-431F-AB03-B2494F0F4C7F}.Release|x86.Deploy.0 = Release|Any CPU
		{9A10344E-F9FB-4319-9665-CB7E78FCF4F4}.Debug|Any CPU.ActiveCfg = Debug|iPhone
		{9A10344E-F9FB-4319-9665-CB7E78FCF4F4}.Debug|ARM.ActiveCfg = Debug|iPhone
		{9A10344E-F9FB-4319-9665-CB7E78FCF4F4}.Debug|ARM64.ActiveCfg = Debug|iPhone
		{9A10344E-F9FB-4319-9665-CB7E78FCF4F4}.Debug|iPhone.ActiveCfg = Debug|iPhone
		{9A10344E-F9FB-4319-9665-CB7E78FCF4F4}.Debug|iPhone.Build.0 = Debug|iPhone
		{9A10344E-F9FB-4319-9665-CB7E78FCF4F4}.Debug|iPhoneSimulator.ActiveCfg = Debug|iPhoneSimulator
		{9A10344E-F9FB-4319-9665-CB7E78FCF4F4}.Debug|iPhoneSimulator.Build.0 = Debug|iPhoneSimulator
		{9A10344E-F9FB-4319-9665-CB7E78FCF4F4}.Debug|x64.ActiveCfg = Debug|iPhone
		{9A10344E-F9FB-4319-9665-CB7E78FCF4F4}.Debug|x86.ActiveCfg = Debug|iPhone
		{9A10344E-F9FB-4319-9665-CB7E78FCF4F4}.Release|Any CPU.ActiveCfg = Release|iPhone
		{9A10344E-F9FB-4319-9665-CB7E78FCF4F4}.Release|ARM.ActiveCfg = Release|iPhone
		{9A10344E-F9FB-4319-9665-CB7E78FCF4F4}.Release|ARM64.ActiveCfg = Release|iPhone
		{9A10344E-F9FB-4319-9665-CB7E78FCF4F4}.Release|iPhone.ActiveCfg = Release|iPhone
		{9A10344E-F9FB-4319-9665-CB7E78FCF4F4}.Release|iPhone.Build.0 = Release|iPhone
		{9A10344E-F9FB-4319-9665-CB7E78FCF4F4}.Release|iPhoneSimulator.ActiveCfg = Release|iPhoneSimulator
		{9A10344E-F9FB-4319-9665-CB7E78FCF4F4}.Release|iPhoneSimulator.Build.0 = Release|iPhoneSimulator
		{9A10344E-F9FB-4319-9665-CB7E78FCF4F4}.Release|x64.ActiveCfg = Release|iPhone
		{9A10344E-F9FB-4319-9665-CB7E78FCF4F4}.Release|x86.ActiveCfg = Release|iPhone
		{20D2D0D8-A518-42DC-BAB8-CF098CDF03C4}.Debug|Any CPU.ActiveCfg = Debug|Any CPU
		{20D2D0D8-A518-42DC-BAB8-CF098CDF03C4}.Debug|Any CPU.Build.0 = Debug|Any CPU
		{20D2D0D8-A518-42DC-BAB8-CF098CDF03C4}.Debug|ARM.ActiveCfg = Debug|Any CPU
		{20D2D0D8-A518-42DC-BAB8-CF098CDF03C4}.Debug|ARM.Build.0 = Debug|Any CPU
		{20D2D0D8-A518-42DC-BAB8-CF098CDF03C4}.Debug|ARM64.ActiveCfg = Debug|Any CPU
		{20D2D0D8-A518-42DC-BAB8-CF098CDF03C4}.Debug|ARM64.Build.0 = Debug|Any CPU
		{20D2D0D8-A518-42DC-BAB8-CF098CDF03C4}.Debug|iPhone.ActiveCfg = Debug|Any CPU
		{20D2D0D8-A518-42DC-BAB8-CF098CDF03C4}.Debug|iPhone.Build.0 = Debug|Any CPU
		{20D2D0D8-A518-42DC-BAB8-CF098CDF03C4}.Debug|iPhoneSimulator.ActiveCfg = Debug|Any CPU
		{20D2D0D8-A518-42DC-BAB8-CF098CDF03C4}.Debug|iPhoneSimulator.Build.0 = Debug|Any CPU
		{20D2D0D8-A518-42DC-BAB8-CF098CDF03C4}.Debug|x64.ActiveCfg = Debug|Any CPU
		{20D2D0D8-A518-42DC-BAB8-CF098CDF03C4}.Debug|x64.Build.0 = Debug|Any CPU
		{20D2D0D8-A518-42DC-BAB8-CF098CDF03C4}.Debug|x86.ActiveCfg = Debug|Any CPU
		{20D2D0D8-A518-42DC-BAB8-CF098CDF03C4}.Debug|x86.Build.0 = Debug|Any CPU
		{20D2D0D8-A518-42DC-BAB8-CF098CDF03C4}.Release|Any CPU.ActiveCfg = Release|Any CPU
		{20D2D0D8-A518-42DC-BAB8-CF098CDF03C4}.Release|Any CPU.Build.0 = Release|Any CPU
		{20D2D0D8-A518-42DC-BAB8-CF098CDF03C4}.Release|ARM.ActiveCfg = Release|Any CPU
		{20D2D0D8-A518-42DC-BAB8-CF098CDF03C4}.Release|ARM.Build.0 = Release|Any CPU
		{20D2D0D8-A518-42DC-BAB8-CF098CDF03C4}.Release|ARM64.ActiveCfg = Release|Any CPU
		{20D2D0D8-A518-42DC-BAB8-CF098CDF03C4}.Release|ARM64.Build.0 = Release|Any CPU
		{20D2D0D8-A518-42DC-BAB8-CF098CDF03C4}.Release|iPhone.ActiveCfg = Release|Any CPU
		{20D2D0D8-A518-42DC-BAB8-CF098CDF03C4}.Release|iPhone.Build.0 = Release|Any CPU
		{20D2D0D8-A518-42DC-BAB8-CF098CDF03C4}.Release|iPhoneSimulator.ActiveCfg = Release|Any CPU
		{20D2D0D8-A518-42DC-BAB8-CF098CDF03C4}.Release|iPhoneSimulator.Build.0 = Release|Any CPU
		{20D2D0D8-A518-42DC-BAB8-CF098CDF03C4}.Release|x64.ActiveCfg = Release|Any CPU
		{20D2D0D8-A518-42DC-BAB8-CF098CDF03C4}.Release|x64.Build.0 = Release|Any CPU
		{20D2D0D8-A518-42DC-BAB8-CF098CDF03C4}.Release|x86.ActiveCfg = Release|Any CPU
		{20D2D0D8-A518-42DC-BAB8-CF098CDF03C4}.Release|x86.Build.0 = Release|Any CPU
	EndGlobalSection
	GlobalSection(SolutionProperties) = preSolution
		HideSolutionNode = FALSE
	EndGlobalSection
	GlobalSection(ExtensibilityGlobals) = postSolution
		SolutionGuid = {E5BF7535-FB56-4373-89F2-B0ABBD010092}
	EndGlobalSection
EndGlobal
